
Microsoft Visual Studio Solution File, Format Version 12.00
# Visual Studio Version 16
VisualStudioVersion = 16.0.31105.61
MinimumVisualStudioVersion = 10.0.40219.1
Project("{9A19103F-16F7-4668-BE54-9A1E7A4F7556}") = "hackmud_ripoff", "hackmud_ripoff.csproj", "{A4791DA8-7F08-46A9-BA1C-118849765EFA}"
EndProject
Global
	GlobalSection(SolutionConfigurationPlatforms) = preSolution
		Debug|Any CPU = Debug|Any CPU
		Release|Any CPU = Release|Any CPU
	EndGlobalSection
	GlobalSection(ProjectConfigurationPlatforms) = postSolution
		{A4791DA8-7F08-46A9-BA1C-118849765EFA}.Debug|Any CPU.ActiveCfg = Debug|Any CPU
		{A4791DA8-7F08-46A9-BA1C-118849765EFA}.Debug|Any CPU.Build.0 = Debug|Any CPU
		{A4791DA8-7F08-46A9-BA1C-118849765EFA}.Release|Any CPU.ActiveCfg = Release|Any CPU
		{A4791DA8-7F08-46A9-BA1C-118849765EFA}.Release|Any CPU.Build.0 = Release|Any CPU
	EndGlobalSection
	GlobalSection(SolutionProperties) = preSolution
		HideSolutionNode = FALSE
	EndGlobalSection
	GlobalSection(ExtensibilityGlobals) = postSolution
		SolutionGuid = {AEE82803-256C-42D1-B742-CE4B0D015942}
	EndGlobalSection
EndGlobal
